
Microsoft Visual Studio Solution File, Format Version 12.00
# Visual Studio 15
VisualStudioVersion = 15.0.28010.2046
MinimumVisualStudioVersion = 10.0.40219.1
Project("{9A19103F-16F7-4668-BE54-9A1E7A4F7556}") = "Alexa.NET.LocaleSpeech", "LocaleKeySpeech\Alexa.NET.LocaleSpeech.csproj", "{D29FFB15-F10E-434F-960E-3D36DC319A8C}"
EndProject
Project("{9A19103F-16F7-4668-BE54-9A1E7A4F7556}") = "LocaleSpeech.Tests", "LocaleKeySpeech.Tests\LocaleSpeech.Tests.csproj", "{58890554-409A-495A-875D-98523C7E27B1}"
EndProject
Project("{2150E333-8FDC-42A3-9474-1A3956D46DE8}") = "Solution Items", "Solution Items", "{E97A6B6A-183C-4317-9A8E-EB94C19D7762}"
	ProjectSection(SolutionItems) = preProject
		readme.md = readme.md
	EndProjectSection
EndProject
Global
	GlobalSection(SolutionConfigurationPlatforms) = preSolution
		Debug|Any CPU = Debug|Any CPU
		Release|Any CPU = Release|Any CPU
	EndGlobalSection
	GlobalSection(ProjectConfigurationPlatforms) = postSolution
		{D29FFB15-F10E-434F-960E-3D36DC319A8C}.Debug|Any CPU.ActiveCfg = Debug|Any CPU
		{D29FFB15-F10E-434F-960E-3D36DC319A8C}.Debug|Any CPU.Build.0 = Debug|Any CPU
		{D29FFB15-F10E-434F-960E-3D36DC319A8C}.Release|Any CPU.ActiveCfg = Release|Any CPU
		{D29FFB15-F10E-434F-960E-3D36DC319A8C}.Release|Any CPU.Build.0 = Release|Any CPU
		{58890554-409A-495A-875D-98523C7E27B1}.Debug|Any CPU.ActiveCfg = Debug|Any CPU
		{58890554-409A-495A-875D-98523C7E27B1}.Debug|Any CPU.Build.0 = Debug|Any CPU
		{58890554-409A-495A-875D-98523C7E27B1}.Release|Any CPU.ActiveCfg = Release|Any CPU
		{58890554-409A-495A-875D-98523C7E27B1}.Release|Any CPU.Build.0 = Release|Any CPU
	EndGlobalSection
	GlobalSection(SolutionProperties) = preSolution
		HideSolutionNode = FALSE
	EndGlobalSection
	GlobalSection(ExtensibilityGlobals) = postSolution
		SolutionGuid = {EE5A5EBD-A88B-48C3-A0BC-023999BDD2D9}
	EndGlobalSection
EndGlobal
