
Microsoft Visual Studio Solution File, Format Version 12.00
# Visual Studio 15
VisualStudioVersion = 15.0.28010.2046
MinimumVisualStudioVersion = 10.0.40219.1
Project("{FAE04EC0-301F-11D3-BF4B-00C04F79EFBC}") = "Alexa.NET.LocaleKeySpeech", "LocaleKeySpeech\Alexa.NET.LocaleKeySpeech.csproj", "{D29FFB15-F10E-434F-960E-3D36DC319A8C}"
EndProject
Project("{FAE04EC0-301F-11D3-BF4B-00C04F79EFBC}") = "LocaleKeySpeech.Tests", "..\LocaleKeySpeech.Tests\LocaleKeySpeech.Tests.csproj", "{B4CF456D-8146-4992-8369-B359DBCC6554}"
EndProject
Global
	GlobalSection(SolutionConfigurationPlatforms) = preSolution
		Debug|Any CPU = Debug|Any CPU
		Release|Any CPU = Release|Any CPU
	EndGlobalSection
	GlobalSection(ProjectConfigurationPlatforms) = postSolution
		{D29FFB15-F10E-434F-960E-3D36DC319A8C}.Debug|Any CPU.ActiveCfg = Debug|Any CPU
		{D29FFB15-F10E-434F-960E-3D36DC319A8C}.Debug|Any CPU.Build.0 = Debug|Any CPU
		{D29FFB15-F10E-434F-960E-3D36DC319A8C}.Release|Any CPU.ActiveCfg = Release|Any CPU
		{D29FFB15-F10E-434F-960E-3D36DC319A8C}.Release|Any CPU.Build.0 = Release|Any CPU
		{B4CF456D-8146-4992-8369-B359DBCC6554}.Debug|Any CPU.ActiveCfg = Debug|Any CPU
		{B4CF456D-8146-4992-8369-B359DBCC6554}.Debug|Any CPU.Build.0 = Debug|Any CPU
		{B4CF456D-8146-4992-8369-B359DBCC6554}.Release|Any CPU.ActiveCfg = Release|Any CPU
		{B4CF456D-8146-4992-8369-B359DBCC6554}.Release|Any CPU.Build.0 = Release|Any CPU
	EndGlobalSection
	GlobalSection(SolutionProperties) = preSolution
		HideSolutionNode = FALSE
	EndGlobalSection
	GlobalSection(ExtensibilityGlobals) = postSolution
		SolutionGuid = {EE5A5EBD-A88B-48C3-A0BC-023999BDD2D9}
	EndGlobalSection
EndGlobal
